
Microsoft Visual Studio Solution File, Format Version 12.00
# Visual Studio Version 17
VisualStudioVersion = 17.5.33424.131
MinimumVisualStudioVersion = 10.0.40219.1
Project("{FAE04EC0-301F-11D3-BF4B-00C04F79EFBC}") = "Stopwatch", "Stopwatch\Stopwatch.csproj", "{A45FFDDE-9627-415E-B2E7-003F1AD16D60}"
EndProject
Global
	GlobalSection(SolutionConfigurationPlatforms) = preSolution
		Debug|Any CPU = Debug|Any CPU
		Release|Any CPU = Release|Any CPU
	EndGlobalSection
	GlobalSection(ProjectConfigurationPlatforms) = postSolution
		{A45FFDDE-9627-415E-B2E7-003F1AD16D60}.Debug|Any CPU.ActiveCfg = Debug|Any CPU
		{A45FFDDE-9627-415E-B2E7-003F1AD16D60}.Debug|Any CPU.Build.0 = Debug|Any CPU
		{A45FFDDE-9627-415E-B2E7-003F1AD16D60}.Release|Any CPU.ActiveCfg = Release|Any CPU
		{A45FFDDE-9627-415E-B2E7-003F1AD16D60}.Release|Any CPU.Build.0 = Release|Any CPU
	EndGlobalSection
	GlobalSection(SolutionProperties) = preSolution
		HideSolutionNode = FALSE
	EndGlobalSection
	GlobalSection(ExtensibilityGlobals) = postSolution
		SolutionGuid = {9FBF71C8-CF19-40E1-BD46-8DB03C1A3318}
	EndGlobalSection
EndGlobal
